
Microsoft Visual Studio Solution File, Format Version 12.00
# Visual Studio Version 17
VisualStudioVersion = 17.4.33213.308
MinimumVisualStudioVersion = 10.0.40219.1
Project("{9A19103F-16F7-4668-BE54-9A1E7A4F7556}") = "StudentSearch", "StudentSearch\StudentSearch.csproj", "{4BED982F-34EB-4629-9DA4-36DCE8AEACD3}"
EndProject
Project("{FAE04EC0-301F-11D3-BF4B-00C04F79EFBC}") = "StudentSearch.Tests", "StudentSearch.Tests\StudentSearch.Tests.csproj", "{7976FCB1-816F-4981-AB1D-B5B5197DF50B}"
EndProject
Global
	GlobalSection(SolutionConfigurationPlatforms) = preSolution
		Debug|Any CPU = Debug|Any CPU
		Release|Any CPU = Release|Any CPU
	EndGlobalSection
	GlobalSection(ProjectConfigurationPlatforms) = postSolution
		{4BED982F-34EB-4629-9DA4-36DCE8AEACD3}.Debug|Any CPU.ActiveCfg = Debug|Any CPU
		{4BED982F-34EB-4629-9DA4-36DCE8AEACD3}.Debug|Any CPU.Build.0 = Debug|Any CPU
		{4BED982F-34EB-4629-9DA4-36DCE8AEACD3}.Release|Any CPU.ActiveCfg = Release|Any CPU
		{4BED982F-34EB-4629-9DA4-36DCE8AEACD3}.Release|Any CPU.Build.0 = Release|Any CPU
		{7976FCB1-816F-4981-AB1D-B5B5197DF50B}.Debug|Any CPU.ActiveCfg = Debug|Any CPU
		{7976FCB1-816F-4981-AB1D-B5B5197DF50B}.Debug|Any CPU.Build.0 = Debug|Any CPU
		{7976FCB1-816F-4981-AB1D-B5B5197DF50B}.Release|Any CPU.ActiveCfg = Release|Any CPU
		{7976FCB1-816F-4981-AB1D-B5B5197DF50B}.Release|Any CPU.Build.0 = Release|Any CPU
	EndGlobalSection
	GlobalSection(SolutionProperties) = preSolution
		HideSolutionNode = FALSE
	EndGlobalSection
	GlobalSection(ExtensibilityGlobals) = postSolution
		SolutionGuid = {61F8D213-0273-4A0A-9160-4C50D22281EF}
	EndGlobalSection
EndGlobal
